
Microsoft Visual Studio Solution File, Format Version 12.00
# Visual Studio Version 16
VisualStudioVersion = 16.0.29911.84
MinimumVisualStudioVersion = 10.0.40219.1
Project("{FAE04EC0-301F-11D3-BF4B-00C04F79EFBC}") = "Vedrana", "Vedrana.csproj", "{A156E0FA-3F8C-4808-83BC-A84F7ED7C4BE}"
EndProject
Project("{FAE04EC0-301F-11D3-BF4B-00C04F79EFBC}") = "Lib", "..\Lib\Lib.csproj", "{B076A299-96EC-44AB-8B09-2A131062D349}"
EndProject
Global
	GlobalSection(SolutionConfigurationPlatforms) = preSolution
		Debug|Any CPU = Debug|Any CPU
		Release|Any CPU = Release|Any CPU
	EndGlobalSection
	GlobalSection(ProjectConfigurationPlatforms) = postSolution
		{A156E0FA-3F8C-4808-83BC-A84F7ED7C4BE}.Debug|Any CPU.ActiveCfg = Debug|Any CPU
		{A156E0FA-3F8C-4808-83BC-A84F7ED7C4BE}.Debug|Any CPU.Build.0 = Debug|Any CPU
		{A156E0FA-3F8C-4808-83BC-A84F7ED7C4BE}.Release|Any CPU.ActiveCfg = Release|Any CPU
		{A156E0FA-3F8C-4808-83BC-A84F7ED7C4BE}.Release|Any CPU.Build.0 = Release|Any CPU
		{B076A299-96EC-44AB-8B09-2A131062D349}.Debug|Any CPU.ActiveCfg = Debug|Any CPU
		{B076A299-96EC-44AB-8B09-2A131062D349}.Debug|Any CPU.Build.0 = Debug|Any CPU
		{B076A299-96EC-44AB-8B09-2A131062D349}.Release|Any CPU.ActiveCfg = Release|Any CPU
		{B076A299-96EC-44AB-8B09-2A131062D349}.Release|Any CPU.Build.0 = Release|Any CPU
	EndGlobalSection
	GlobalSection(SolutionProperties) = preSolution
		HideSolutionNode = FALSE
	EndGlobalSection
	GlobalSection(ExtensibilityGlobals) = postSolution
		SolutionGuid = {2F201C0D-E4FD-4184-ACE6-F2352A3B6276}
	EndGlobalSection
EndGlobal
