
Microsoft Visual Studio Solution File, Format Version 12.00
# Visual Studio Version 16
VisualStudioVersion = 16.0.30128.74
MinimumVisualStudioVersion = 10.0.40219.1
Project("{FAE04EC0-301F-11D3-BF4B-00C04F79EFBC}") = "Vedrana", "Vedrana.csproj", "{C988F0FF-8C07-41A8-825F-757AD1408BC4}"
	ProjectSection(ProjectDependencies) = postProject
		{39FE66D3-E7EC-4D3C-9424-6BEDE972E953} = {39FE66D3-E7EC-4D3C-9424-6BEDE972E953}
	EndProjectSection
EndProject
Project("{FAE04EC0-301F-11D3-BF4B-00C04F79EFBC}") = "Lib", "Lib\Lib.csproj", "{39FE66D3-E7EC-4D3C-9424-6BEDE972E953}"
EndProject
Global
	GlobalSection(SolutionConfigurationPlatforms) = preSolution
		Debug|Any CPU = Debug|Any CPU
		Release|Any CPU = Release|Any CPU
	EndGlobalSection
	GlobalSection(ProjectConfigurationPlatforms) = postSolution
		{C988F0FF-8C07-41A8-825F-757AD1408BC4}.Debug|Any CPU.ActiveCfg = Debug|Any CPU
		{C988F0FF-8C07-41A8-825F-757AD1408BC4}.Debug|Any CPU.Build.0 = Debug|Any CPU
		{C988F0FF-8C07-41A8-825F-757AD1408BC4}.Release|Any CPU.ActiveCfg = Release|Any CPU
		{C988F0FF-8C07-41A8-825F-757AD1408BC4}.Release|Any CPU.Build.0 = Release|Any CPU
		{39FE66D3-E7EC-4D3C-9424-6BEDE972E953}.Debug|Any CPU.ActiveCfg = Debug|Any CPU
		{39FE66D3-E7EC-4D3C-9424-6BEDE972E953}.Debug|Any CPU.Build.0 = Debug|Any CPU
		{39FE66D3-E7EC-4D3C-9424-6BEDE972E953}.Release|Any CPU.ActiveCfg = Release|Any CPU
		{39FE66D3-E7EC-4D3C-9424-6BEDE972E953}.Release|Any CPU.Build.0 = Release|Any CPU
	EndGlobalSection
	GlobalSection(SolutionProperties) = preSolution
		HideSolutionNode = FALSE
	EndGlobalSection
	GlobalSection(ExtensibilityGlobals) = postSolution
		SolutionGuid = {F4F82CC9-9FC4-4DD4-9DC3-277696EB371C}
	EndGlobalSection
EndGlobal
